
Microsoft Visual Studio Solution File, Format Version 12.00
# Visual Studio Version 17
VisualStudioVersion = 17.2.32616.157
MinimumVisualStudioVersion = 10.0.40219.1
Project("{9A19103F-16F7-4668-BE54-9A1E7A4F7556}") = "StrayPetOnline", "StrayPetOnline.csproj", "{7EC240D3-0580-4B2F-AD73-68A3C6301C27}"
EndProject
Global
	GlobalSection(SolutionConfigurationPlatforms) = preSolution
		Debug|Any CPU = Debug|Any CPU
		Release|Any CPU = Release|Any CPU
	EndGlobalSection
	GlobalSection(ProjectConfigurationPlatforms) = postSolution
		{7EC240D3-0580-4B2F-AD73-68A3C6301C27}.Debug|Any CPU.ActiveCfg = Debug|Any CPU
		{7EC240D3-0580-4B2F-AD73-68A3C6301C27}.Debug|Any CPU.Build.0 = Debug|Any CPU
		{7EC240D3-0580-4B2F-AD73-68A3C6301C27}.Release|Any CPU.ActiveCfg = Release|Any CPU
		{7EC240D3-0580-4B2F-AD73-68A3C6301C27}.Release|Any CPU.Build.0 = Release|Any CPU
	EndGlobalSection
	GlobalSection(SolutionProperties) = preSolution
		HideSolutionNode = FALSE
	EndGlobalSection
	GlobalSection(ExtensibilityGlobals) = postSolution
		SolutionGuid = {4042A720-8132-4D8A-8B74-6C078272B8FE}
	EndGlobalSection
EndGlobal
